
Microsoft Visual Studio Solution File, Format Version 12.00
# Visual Studio Version 17
VisualStudioVersion = 17.3.32825.248
MinimumVisualStudioVersion = 10.0.40219.1
Project("{FAE04EC0-301F-11D3-BF4B-00C04F79EFBC}") = "sqloefening", "sqloefening\sqloefening.csproj", "{242B9E58-0EDB-42FA-ADE8-7D8332E13F21}"
EndProject
Global
	GlobalSection(SolutionConfigurationPlatforms) = preSolution
		Debug|Any CPU = Debug|Any CPU
		Release|Any CPU = Release|Any CPU
	EndGlobalSection
	GlobalSection(ProjectConfigurationPlatforms) = postSolution
		{242B9E58-0EDB-42FA-ADE8-7D8332E13F21}.Debug|Any CPU.ActiveCfg = Debug|Any CPU
		{242B9E58-0EDB-42FA-ADE8-7D8332E13F21}.Debug|Any CPU.Build.0 = Debug|Any CPU
		{242B9E58-0EDB-42FA-ADE8-7D8332E13F21}.Release|Any CPU.ActiveCfg = Release|Any CPU
		{242B9E58-0EDB-42FA-ADE8-7D8332E13F21}.Release|Any CPU.Build.0 = Release|Any CPU
	EndGlobalSection
	GlobalSection(SolutionProperties) = preSolution
		HideSolutionNode = FALSE
	EndGlobalSection
	GlobalSection(ExtensibilityGlobals) = postSolution
		SolutionGuid = {BBC795DA-F285-4392-927E-A53130516676}
	EndGlobalSection
EndGlobal
